
Microsoft Visual Studio Solution File, Format Version 12.00
# Visual Studio Version 17
VisualStudioVersion = 17.11.35303.130
MinimumVisualStudioVersion = 10.0.40219.1
Project("{FAE04EC0-301F-11D3-BF4B-00C04F79EFBC}") = "HugoNeiraMAUI", "HugoNeiraMAUI\HugoNeiraMAUI.csproj", "{8619BA70-7B5D-4794-A0A1-0DFC2E7ACF42}"
EndProject
Global
	GlobalSection(SolutionConfigurationPlatforms) = preSolution
		Debug|Any CPU = Debug|Any CPU
		Release|Any CPU = Release|Any CPU
	EndGlobalSection
	GlobalSection(ProjectConfigurationPlatforms) = postSolution
		{8619BA70-7B5D-4794-A0A1-0DFC2E7ACF42}.Debug|Any CPU.ActiveCfg = Debug|Any CPU
		{8619BA70-7B5D-4794-A0A1-0DFC2E7ACF42}.Debug|Any CPU.Build.0 = Debug|Any CPU
		{8619BA70-7B5D-4794-A0A1-0DFC2E7ACF42}.Debug|Any CPU.Deploy.0 = Debug|Any CPU
		{8619BA70-7B5D-4794-A0A1-0DFC2E7ACF42}.Release|Any CPU.ActiveCfg = Release|Any CPU
		{8619BA70-7B5D-4794-A0A1-0DFC2E7ACF42}.Release|Any CPU.Build.0 = Release|Any CPU
		{8619BA70-7B5D-4794-A0A1-0DFC2E7ACF42}.Release|Any CPU.Deploy.0 = Release|Any CPU
	EndGlobalSection
	GlobalSection(SolutionProperties) = preSolution
		HideSolutionNode = FALSE
	EndGlobalSection
	GlobalSection(ExtensibilityGlobals) = postSolution
		SolutionGuid = {8EB06F2E-53E5-4CA2-AD27-582451CFA64E}
	EndGlobalSection
EndGlobal
